
Microsoft Visual Studio Solution File, Format Version 12.00
# Visual Studio Version 17
VisualStudioVersion = 17.9.34723.18
MinimumVisualStudioVersion = 10.0.40219.1
Project("{9A19103F-16F7-4668-BE54-9A1E7A4F7556}") = "EventGridTrigger", "EventGridTrigger.csproj", "{681EE8B9-5271-4BD7-9D58-DE3A4038C2CF}"
EndProject
Global
	GlobalSection(SolutionConfigurationPlatforms) = preSolution
		Debug|Any CPU = Debug|Any CPU
		Release|Any CPU = Release|Any CPU
	EndGlobalSection
	GlobalSection(ProjectConfigurationPlatforms) = postSolution
		{681EE8B9-5271-4BD7-9D58-DE3A4038C2CF}.Debug|Any CPU.ActiveCfg = Debug|Any CPU
		{681EE8B9-5271-4BD7-9D58-DE3A4038C2CF}.Debug|Any CPU.Build.0 = Debug|Any CPU
		{681EE8B9-5271-4BD7-9D58-DE3A4038C2CF}.Release|Any CPU.ActiveCfg = Release|Any CPU
		{681EE8B9-5271-4BD7-9D58-DE3A4038C2CF}.Release|Any CPU.Build.0 = Release|Any CPU
	EndGlobalSection
	GlobalSection(SolutionProperties) = preSolution
		HideSolutionNode = FALSE
	EndGlobalSection
	GlobalSection(ExtensibilityGlobals) = postSolution
		SolutionGuid = {953C86D0-EF25-4744-8B37-965B3514B7DA}
	EndGlobalSection
EndGlobal
